// !$*UTF8*$!
{
	archiveVersion = 1;
	classes = {
	};
	objectVersion = 46;
	objects = {

/* Begin PBXBuildFile section */
		007801B7136813E900CB12E6 /* Foundation.framework in Frameworks */ = {isa = PBXBuildFile; fileRef = 007801B6136813E900CB12E6 /* Foundation.framework */; };
		007801C2136813E900CB12E6 /* UIKit.framework in Frameworks */ = {isa = PBXBuildFile; fileRef = 007801C1136813E900CB12E6 /* UIKit.framework */; };
		007801C3136813E900CB12E6 /* Foundation.framework in Frameworks */ = {isa = PBXBuildFile; fileRef = 007801B6136813E900CB12E6 /* Foundation.framework */; };
		007801C5136813E900CB12E6 /* CoreGraphics.framework in Frameworks */ = {isa = PBXBuildFile; fileRef = 007801C4136813E900CB12E6 /* CoreGraphics.framework */; };
		007801C8136813E900CB12E6 /* libMixioAuthFramework.a in Frameworks */ = {isa = PBXBuildFile; fileRef = 007801B3136813E900CB12E6 /* libMixioAuthFramework.a */; };
		007801CE136813E900CB12E6 /* InfoPlist.strings in Resources */ = {isa = PBXBuildFile; fileRef = 007801CC136813E900CB12E6 /* InfoPlist.strings */; };
		007801D1136813E900CB12E6 /* MixioAuthFrameworkTests.h in Resources */ = {isa = PBXBuildFile; fileRef = 007801D0136813E900CB12E6 /* MixioAuthFrameworkTests.h */; };
		007801D3136813E900CB12E6 /* MixioAuthFrameworkTests.m in Sources */ = {isa = PBXBuildFile; fileRef = 007801D2136813E900CB12E6 /* MixioAuthFrameworkTests.m */; };
		007801E91368178300CB12E6 /* MixioAuthViewController.h in Headers */ = {isa = PBXBuildFile; fileRef = 007801E61368178300CB12E6 /* MixioAuthViewController.h */; };
		007801EA1368178300CB12E6 /* MixioAuthViewController.m in Sources */ = {isa = PBXBuildFile; fileRef = 007801E71368178300CB12E6 /* MixioAuthViewController.m */; };
		007801EB1368178300CB12E6 /* MixioAuthViewController.m in Sources */ = {isa = PBXBuildFile; fileRef = 007801E71368178300CB12E6 /* MixioAuthViewController.m */; };
		007801F3136818C000CB12E6 /* UIKit.framework in Frameworks */ = {isa = PBXBuildFile; fileRef = 007801C1136813E900CB12E6 /* UIKit.framework */; };
		007801F4136818C000CB12E6 /* Foundation.framework in Frameworks */ = {isa = PBXBuildFile; fileRef = 007801B6136813E900CB12E6 /* Foundation.framework */; };
		007801F5136818C000CB12E6 /* CoreGraphics.framework in Frameworks */ = {isa = PBXBuildFile; fileRef = 007801C4136813E900CB12E6 /* CoreGraphics.framework */; };
		007801FB136818C100CB12E6 /* InfoPlist.strings in Resources */ = {isa = PBXBuildFile; fileRef = 007801F9136818C100CB12E6 /* InfoPlist.strings */; };
		007801FE136818C100CB12E6 /* main.m in Sources */ = {isa = PBXBuildFile; fileRef = 007801FD136818C100CB12E6 /* main.m */; };
		00780201136818C100CB12E6 /* MixioAuthSampleAppDelegate.m in Sources */ = {isa = PBXBuildFile; fileRef = 00780200136818C100CB12E6 /* MixioAuthSampleAppDelegate.m */; };
		00780204136818C100CB12E6 /* MainWindow.xib in Resources */ = {isa = PBXBuildFile; fileRef = 00780202136818C100CB12E6 /* MainWindow.xib */; };
		00780207136818C100CB12E6 /* MixioAuthSampleViewController.m in Sources */ = {isa = PBXBuildFile; fileRef = 00780206136818C100CB12E6 /* MixioAuthSampleViewController.m */; };
		0078020A136818C100CB12E6 /* MixioAuthSampleViewController.xib in Resources */ = {isa = PBXBuildFile; fileRef = 00780208136818C100CB12E6 /* MixioAuthSampleViewController.xib */; };
		00780211136818C100CB12E6 /* UIKit.framework in Frameworks */ = {isa = PBXBuildFile; fileRef = 007801C1136813E900CB12E6 /* UIKit.framework */; };
		00780212136818C100CB12E6 /* Foundation.framework in Frameworks */ = {isa = PBXBuildFile; fileRef = 007801B6136813E900CB12E6 /* Foundation.framework */; };
		00780213136818C100CB12E6 /* CoreGraphics.framework in Frameworks */ = {isa = PBXBuildFile; fileRef = 007801C4136813E900CB12E6 /* CoreGraphics.framework */; };
		0078021B136818C100CB12E6 /* InfoPlist.strings in Resources */ = {isa = PBXBuildFile; fileRef = 00780219136818C100CB12E6 /* InfoPlist.strings */; };
		0078021E136818C100CB12E6 /* MixioAuthSampleTests.h in Resources */ = {isa = PBXBuildFile; fileRef = 0078021D136818C100CB12E6 /* MixioAuthSampleTests.h */; };
		00780220136818C100CB12E6 /* MixioAuthSampleTests.m in Sources */ = {isa = PBXBuildFile; fileRef = 0078021F136818C100CB12E6 /* MixioAuthSampleTests.m */; };
		00780227136818D900CB12E6 /* libMixioAuthFramework.a in Frameworks */ = {isa = PBXBuildFile; fileRef = 007801B3136813E900CB12E6 /* libMixioAuthFramework.a */; };
		00780238136820C600CB12E6 /* MixioAuthViewController.xib in Resources */ = {isa = PBXBuildFile; fileRef = 00780235136820C600CB12E6 /* MixioAuthViewController.xib */; };
		00780239136820C600CB12E6 /* MixioAuthViewController.xib in Resources */ = {isa = PBXBuildFile; fileRef = 00780235136820C600CB12E6 /* MixioAuthViewController.xib */; };
		0078023A136820C600CB12E6 /* MixioAuthViewController.xib in Resources */ = {isa = PBXBuildFile; fileRef = 00780235136820C600CB12E6 /* MixioAuthViewController.xib */; };
		0078023B136820C600CB12E6 /* NavBack.png in Resources */ = {isa = PBXBuildFile; fileRef = 00780236136820C600CB12E6 /* NavBack.png */; };
		0078023C136820C600CB12E6 /* NavBack.png in Resources */ = {isa = PBXBuildFile; fileRef = 00780236136820C600CB12E6 /* NavBack.png */; };
		0078023D136820C600CB12E6 /* NavBack.png in Resources */ = {isa = PBXBuildFile; fileRef = 00780236136820C600CB12E6 /* NavBack.png */; };
		0078023E136820C600CB12E6 /* NavForward.png in Resources */ = {isa = PBXBuildFile; fileRef = 00780237136820C600CB12E6 /* NavForward.png */; };
		0078023F136820C600CB12E6 /* NavForward.png in Resources */ = {isa = PBXBuildFile; fileRef = 00780237136820C600CB12E6 /* NavForward.png */; };
		00780240136820C600CB12E6 /* NavForward.png in Resources */ = {isa = PBXBuildFile; fileRef = 00780237136820C600CB12E6 /* NavForward.png */; };
		0078025B13682B9100CB12E6 /* MixioAuthTokenManager.h in Headers */ = {isa = PBXBuildFile; fileRef = 0078025913682B9100CB12E6 /* MixioAuthTokenManager.h */; };
		0078025C13682B9100CB12E6 /* MixioAuthTokenManager.m in Sources */ = {isa = PBXBuildFile; fileRef = 0078025A13682B9100CB12E6 /* MixioAuthTokenManager.m */; };
		0078025D13682B9100CB12E6 /* MixioAuthTokenManager.m in Sources */ = {isa = PBXBuildFile; fileRef = 0078025A13682B9100CB12E6 /* MixioAuthTokenManager.m */; };
		0078026013683A7F00CB12E6 /* MixioAuthToken.h in Headers */ = {isa = PBXBuildFile; fileRef = 0078025E13683A7F00CB12E6 /* MixioAuthToken.h */; };
		0078026113683A7F00CB12E6 /* MixioAuthToken.m in Sources */ = {isa = PBXBuildFile; fileRef = 0078025F13683A7F00CB12E6 /* MixioAuthToken.m */; };
		0078026213683A7F00CB12E6 /* MixioAuthToken.m in Sources */ = {isa = PBXBuildFile; fileRef = 0078025F13683A7F00CB12E6 /* MixioAuthToken.m */; };
		0078030E1368680B00CB12E6 /* JSON.h in Headers */ = {isa = PBXBuildFile; fileRef = 007802FA1368680B00CB12E6 /* JSON.h */; };
		007803101368680B00CB12E6 /* NSObject+JSON.h in Headers */ = {isa = PBXBuildFile; fileRef = 007802FC1368680B00CB12E6 /* NSObject+JSON.h */; };
		007803111368680B00CB12E6 /* NSObject+JSON.m in Sources */ = {isa = PBXBuildFile; fileRef = 007802FD1368680B00CB12E6 /* NSObject+JSON.m */; };
		007803121368680B00CB12E6 /* NSObject+JSON.m in Sources */ = {isa = PBXBuildFile; fileRef = 007802FD1368680B00CB12E6 /* NSObject+JSON.m */; };
		007803131368680B00CB12E6 /* SBJsonParser.h in Headers */ = {isa = PBXBuildFile; fileRef = 007802FE1368680B00CB12E6 /* SBJsonParser.h */; };
		007803141368680B00CB12E6 /* SBJsonParser.m in Sources */ = {isa = PBXBuildFile; fileRef = 007802FF1368680B00CB12E6 /* SBJsonParser.m */; };
		007803151368680B00CB12E6 /* SBJsonParser.m in Sources */ = {isa = PBXBuildFile; fileRef = 007802FF1368680B00CB12E6 /* SBJsonParser.m */; };
		007803161368680B00CB12E6 /* SBJsonStreamParser.h in Headers */ = {isa = PBXBuildFile; fileRef = 007803001368680B00CB12E6 /* SBJsonStreamParser.h */; };
		007803171368680B00CB12E6 /* SBJsonStreamParser.m in Sources */ = {isa = PBXBuildFile; fileRef = 007803011368680B00CB12E6 /* SBJsonStreamParser.m */; };
		007803181368680B00CB12E6 /* SBJsonStreamParser.m in Sources */ = {isa = PBXBuildFile; fileRef = 007803011368680B00CB12E6 /* SBJsonStreamParser.m */; };
		007803191368680B00CB12E6 /* SBJsonStreamParserAdapter.h in Headers */ = {isa = PBXBuildFile; fileRef = 007803021368680B00CB12E6 /* SBJsonStreamParserAdapter.h */; };
		0078031A1368680B00CB12E6 /* SBJsonStreamParserAdapter.m in Sources */ = {isa = PBXBuildFile; fileRef = 007803031368680B00CB12E6 /* SBJsonStreamParserAdapter.m */; };
		0078031B1368680B00CB12E6 /* SBJsonStreamParserAdapter.m in Sources */ = {isa = PBXBuildFile; fileRef = 007803031368680B00CB12E6 /* SBJsonStreamParserAdapter.m */; };
		0078031C1368680B00CB12E6 /* SBJsonStreamParserState.h in Headers */ = {isa = PBXBuildFile; fileRef = 007803041368680B00CB12E6 /* SBJsonStreamParserState.h */; };
		0078031D1368680B00CB12E6 /* SBJsonStreamParserState.m in Sources */ = {isa = PBXBuildFile; fileRef = 007803051368680B00CB12E6 /* SBJsonStreamParserState.m */; };
		0078031E1368680B00CB12E6 /* SBJsonStreamParserState.m in Sources */ = {isa = PBXBuildFile; fileRef = 007803051368680B00CB12E6 /* SBJsonStreamParserState.m */; };
		0078031F1368680B00CB12E6 /* SBJsonStreamWriter.h in Headers */ = {isa = PBXBuildFile; fileRef = 007803061368680B00CB12E6 /* SBJsonStreamWriter.h */; };
		007803201368680B00CB12E6 /* SBJsonStreamWriter.m in Sources */ = {isa = PBXBuildFile; fileRef = 007803071368680B00CB12E6 /* SBJsonStreamWriter.m */; };
		007803211368680B00CB12E6 /* SBJsonStreamWriter.m in Sources */ = {isa = PBXBuildFile; fileRef = 007803071368680B00CB12E6 /* SBJsonStreamWriter.m */; };
		007803221368680B00CB12E6 /* SBJsonStreamWriterState.h in Headers */ = {isa = PBXBuildFile; fileRef = 007803081368680B00CB12E6 /* SBJsonStreamWriterState.h */; };
		007803231368680B00CB12E6 /* SBJsonStreamWriterState.m in Sources */ = {isa = PBXBuildFile; fileRef = 007803091368680B00CB12E6 /* SBJsonStreamWriterState.m */; };
		007803241368680B00CB12E6 /* SBJsonStreamWriterState.m in Sources */ = {isa = PBXBuildFile; fileRef = 007803091368680B00CB12E6 /* SBJsonStreamWriterState.m */; };
		007803251368680B00CB12E6 /* SBJsonTokeniser.h in Headers */ = {isa = PBXBuildFile; fileRef = 0078030A1368680B00CB12E6 /* SBJsonTokeniser.h */; };
		007803261368680B00CB12E6 /* SBJsonTokeniser.m in Sources */ = {isa = PBXBuildFile; fileRef = 0078030B1368680B00CB12E6 /* SBJsonTokeniser.m */; };
		007803271368680B00CB12E6 /* SBJsonTokeniser.m in Sources */ = {isa = PBXBuildFile; fileRef = 0078030B1368680B00CB12E6 /* SBJsonTokeniser.m */; };
		007803281368680B00CB12E6 /* SBJsonWriter.h in Headers */ = {isa = PBXBuildFile; fileRef = 0078030C1368680B00CB12E6 /* SBJsonWriter.h */; };
		007803291368680B00CB12E6 /* SBJsonWriter.m in Sources */ = {isa = PBXBuildFile; fileRef = 0078030D1368680B00CB12E6 /* SBJsonWriter.m */; };
		0078032A1368680B00CB12E6 /* SBJsonWriter.m in Sources */ = {isa = PBXBuildFile; fileRef = 0078030D1368680B00CB12E6 /* SBJsonWriter.m */; };
		0078032D13687FF300CB12E6 /* MixioAuthConnection.h in Headers */ = {isa = PBXBuildFile; fileRef = 0078032B13687FF200CB12E6 /* MixioAuthConnection.h */; };
		0078032E13687FF300CB12E6 /* MixioAuthConnection.m in Sources */ = {isa = PBXBuildFile; fileRef = 0078032C13687FF200CB12E6 /* MixioAuthConnection.m */; };
		0078032F13687FF300CB12E6 /* MixioAuthConnection.m in Sources */ = {isa = PBXBuildFile; fileRef = 0078032C13687FF200CB12E6 /* MixioAuthConnection.m */; };
/* End PBXBuildFile section */

/* Begin PBXContainerItemProxy section */
		007801C6136813E900CB12E6 /* PBXContainerItemProxy */ = {
			isa = PBXContainerItemProxy;
			containerPortal = 007801AA136813E900CB12E6 /* Project object */;
			proxyType = 1;
			remoteGlobalIDString = 007801B2136813E900CB12E6;
			remoteInfo = MixioAuthFramework;
		};
		00780214136818C100CB12E6 /* PBXContainerItemProxy */ = {
			isa = PBXContainerItemProxy;
			containerPortal = 007801AA136813E900CB12E6 /* Project object */;
			proxyType = 1;
			remoteGlobalIDString = 007801F0136818C000CB12E6;
			remoteInfo = MixioAuthSample;
		};
		00780228136818E800CB12E6 /* PBXContainerItemProxy */ = {
			isa = PBXContainerItemProxy;
			containerPortal = 007801AA136813E900CB12E6 /* Project object */;
			proxyType = 1;
			remoteGlobalIDString = 007801B2136813E900CB12E6;
			remoteInfo = MixioAuthFramework;
		};
/* End PBXContainerItemProxy section */

/* Begin PBXFileReference section */
		007801B3136813E900CB12E6 /* libMixioAuthFramework.a */ = {isa = PBXFileReference; explicitFileType = archive.ar; includeInIndex = 0; path = libMixioAuthFramework.a; sourceTree = BUILT_PRODUCTS_DIR; };
		007801B6136813E900CB12E6 /* Foundation.framework */ = {isa = PBXFileReference; lastKnownFileType = wrapper.framework; name = Foundation.framework; path = System/Library/Frameworks/Foundation.framework; sourceTree = SDKROOT; };
		007801BA136813E900CB12E6 /* MixioAuthFramework-Prefix.pch */ = {isa = PBXFileReference; lastKnownFileType = sourcecode.c.h; path = "MixioAuthFramework-Prefix.pch"; sourceTree = "<group>"; };
		007801C0136813E900CB12E6 /* MixioAuthFrameworkTests.octest */ = {isa = PBXFileReference; explicitFileType = wrapper.cfbundle; includeInIndex = 0; path = MixioAuthFrameworkTests.octest; sourceTree = BUILT_PRODUCTS_DIR; };
		007801C1136813E900CB12E6 /* UIKit.framework */ = {isa = PBXFileReference; lastKnownFileType = wrapper.framework; name = UIKit.framework; path = System/Library/Frameworks/UIKit.framework; sourceTree = SDKROOT; };
		007801C4136813E900CB12E6 /* CoreGraphics.framework */ = {isa = PBXFileReference; lastKnownFileType = wrapper.framework; name = CoreGraphics.framework; path = System/Library/Frameworks/CoreGraphics.framework; sourceTree = SDKROOT; };
		007801CB136813E900CB12E6 /* MixioAuthFrameworkTests-Info.plist */ = {isa = PBXFileReference; lastKnownFileType = text.plist.xml; path = "MixioAuthFrameworkTests-Info.plist"; sourceTree = "<group>"; };
		007801CD136813E900CB12E6 /* en */ = {isa = PBXFileReference; lastKnownFileType = text.plist.strings; name = en; path = en.lproj/InfoPlist.strings; sourceTree = "<group>"; };
		007801CF136813E900CB12E6 /* MixioAuthFrameworkTests-Prefix.pch */ = {isa = PBXFileReference; lastKnownFileType = sourcecode.c.h; path = "MixioAuthFrameworkTests-Prefix.pch"; sourceTree = "<group>"; };
		007801D0136813E900CB12E6 /* MixioAuthFrameworkTests.h */ = {isa = PBXFileReference; lastKnownFileType = sourcecode.c.h; path = MixioAuthFrameworkTests.h; sourceTree = "<group>"; };
		007801D2136813E900CB12E6 /* MixioAuthFrameworkTests.m */ = {isa = PBXFileReference; lastKnownFileType = sourcecode.c.objc; path = MixioAuthFrameworkTests.m; sourceTree = "<group>"; };
		007801E61368178300CB12E6 /* MixioAuthViewController.h */ = {isa = PBXFileReference; fileEncoding = 4; lastKnownFileType = sourcecode.c.h; path = MixioAuthViewController.h; sourceTree = "<group>"; };
		007801E71368178300CB12E6 /* MixioAuthViewController.m */ = {isa = PBXFileReference; fileEncoding = 4; lastKnownFileType = sourcecode.c.objc; path = MixioAuthViewController.m; sourceTree = "<group>"; };
		007801F1136818C000CB12E6 /* MixioAuthSample.app */ = {isa = PBXFileReference; explicitFileType = wrapper.application; includeInIndex = 0; path = MixioAuthSample.app; sourceTree = BUILT_PRODUCTS_DIR; };
		007801F8136818C100CB12E6 /* MixioAuthSample-Info.plist */ = {isa = PBXFileReference; lastKnownFileType = text.plist.xml; path = "MixioAuthSample-Info.plist"; sourceTree = "<group>"; };
		007801FA136818C100CB12E6 /* en */ = {isa = PBXFileReference; lastKnownFileType = text.plist.strings; name = en; path = en.lproj/InfoPlist.strings; sourceTree = "<group>"; };
		007801FC136818C100CB12E6 /* MixioAuthSample-Prefix.pch */ = {isa = PBXFileReference; lastKnownFileType = sourcecode.c.h; path = "MixioAuthSample-Prefix.pch"; sourceTree = "<group>"; };
		007801FD136818C100CB12E6 /* main.m */ = {isa = PBXFileReference; lastKnownFileType = sourcecode.c.objc; path = main.m; sourceTree = "<group>"; };
		007801FF136818C100CB12E6 /* MixioAuthSampleAppDelegate.h */ = {isa = PBXFileReference; lastKnownFileType = sourcecode.c.h; path = MixioAuthSampleAppDelegate.h; sourceTree = "<group>"; };
		00780200136818C100CB12E6 /* MixioAuthSampleAppDelegate.m */ = {isa = PBXFileReference; lastKnownFileType = sourcecode.c.objc; path = MixioAuthSampleAppDelegate.m; sourceTree = "<group>"; };
		00780203136818C100CB12E6 /* en */ = {isa = PBXFileReference; lastKnownFileType = file.xib; name = en; path = en.lproj/MainWindow.xib; sourceTree = "<group>"; };
		00780205136818C100CB12E6 /* MixioAuthSampleViewController.h */ = {isa = PBXFileReference; lastKnownFileType = sourcecode.c.h; path = MixioAuthSampleViewController.h; sourceTree = "<group>"; };
		00780206136818C100CB12E6 /* MixioAuthSampleViewController.m */ = {isa = PBXFileReference; lastKnownFileType = sourcecode.c.objc; path = MixioAuthSampleViewController.m; sourceTree = "<group>"; };
		00780209136818C100CB12E6 /* en */ = {isa = PBXFileReference; lastKnownFileType = file.xib; name = en; path = en.lproj/MixioAuthSampleViewController.xib; sourceTree = "<group>"; };
		00780210136818C100CB12E6 /* MixioAuthSampleTests.octest */ = {isa = PBXFileReference; explicitFileType = wrapper.cfbundle; includeInIndex = 0; path = MixioAuthSampleTests.octest; sourceTree = BUILT_PRODUCTS_DIR; };
		00780218136818C100CB12E6 /* MixioAuthSampleTests-Info.plist */ = {isa = PBXFileReference; lastKnownFileType = text.plist.xml; path = "MixioAuthSampleTests-Info.plist"; sourceTree = "<group>"; };
		0078021A136818C100CB12E6 /* en */ = {isa = PBXFileReference; lastKnownFileType = text.plist.strings; name = en; path = en.lproj/InfoPlist.strings; sourceTree = "<group>"; };
		0078021C136818C100CB12E6 /* MixioAuthSampleTests-Prefix.pch */ = {isa = PBXFileReference; lastKnownFileType = sourcecode.c.h; path = "MixioAuthSampleTests-Prefix.pch"; sourceTree = "<group>"; };
		0078021D136818C100CB12E6 /* MixioAuthSampleTests.h */ = {isa = PBXFileReference; lastKnownFileType = sourcecode.c.h; path = MixioAuthSampleTests.h; sourceTree = "<group>"; };
		0078021F136818C100CB12E6 /* MixioAuthSampleTests.m */ = {isa = PBXFileReference; lastKnownFileType = sourcecode.c.objc; path = MixioAuthSampleTests.m; sourceTree = "<group>"; };
		00780235136820C600CB12E6 /* MixioAuthViewController.xib */ = {isa = PBXFileReference; fileEncoding = 4; lastKnownFileType = file.xib; path = MixioAuthViewController.xib; sourceTree = "<group>"; };
		00780236136820C600CB12E6 /* NavBack.png */ = {isa = PBXFileReference; lastKnownFileType = image.png; path = NavBack.png; sourceTree = "<group>"; };
		00780237136820C600CB12E6 /* NavForward.png */ = {isa = PBXFileReference; lastKnownFileType = image.png; path = NavForward.png; sourceTree = "<group>"; };
		0078025913682B9100CB12E6 /* MixioAuthTokenManager.h */ = {isa = PBXFileReference; fileEncoding = 4; lastKnownFileType = sourcecode.c.h; path = MixioAuthTokenManager.h; sourceTree = "<group>"; };
		0078025A13682B9100CB12E6 /* MixioAuthTokenManager.m */ = {isa = PBXFileReference; fileEncoding = 4; lastKnownFileType = sourcecode.c.objc; path = MixioAuthTokenManager.m; sourceTree = "<group>"; };
		0078025E13683A7F00CB12E6 /* MixioAuthToken.h */ = {isa = PBXFileReference; fileEncoding = 4; lastKnownFileType = sourcecode.c.h; path = MixioAuthToken.h; sourceTree = "<group>"; };
		0078025F13683A7F00CB12E6 /* MixioAuthToken.m */ = {isa = PBXFileReference; fileEncoding = 4; lastKnownFileType = sourcecode.c.objc; path = MixioAuthToken.m; sourceTree = "<group>"; };
		007802FA1368680B00CB12E6 /* JSON.h */ = {isa = PBXFileReference; fileEncoding = 4; lastKnownFileType = sourcecode.c.h; path = JSON.h; sourceTree = "<group>"; };
		007802FC1368680B00CB12E6 /* NSObject+JSON.h */ = {isa = PBXFileReference; fileEncoding = 4; lastKnownFileType = sourcecode.c.h; path = "NSObject+JSON.h"; sourceTree = "<group>"; };
		007802FD1368680B00CB12E6 /* NSObject+JSON.m */ = {isa = PBXFileReference; fileEncoding = 4; lastKnownFileType = sourcecode.c.objc; path = "NSObject+JSON.m"; sourceTree = "<group>"; };
		007802FE1368680B00CB12E6 /* SBJsonParser.h */ = {isa = PBXFileReference; fileEncoding = 4; lastKnownFileType = sourcecode.c.h; path = SBJsonParser.h; sourceTree = "<group>"; };
		007802FF1368680B00CB12E6 /* SBJsonParser.m */ = {isa = PBXFileReference; fileEncoding = 4; lastKnownFileType = sourcecode.c.objc; path = SBJsonParser.m; sourceTree = "<group>"; };
		007803001368680B00CB12E6 /* SBJsonStreamParser.h */ = {isa = PBXFileReference; fileEncoding = 4; lastKnownFileType = sourcecode.c.h; path = SBJsonStreamParser.h; sourceTree = "<group>"; };
		007803011368680B00CB12E6 /* SBJsonStreamParser.m */ = {isa = PBXFileReference; fileEncoding = 4; lastKnownFileType = sourcecode.c.objc; path = SBJsonStreamParser.m; sourceTree = "<group>"; };
		007803021368680B00CB12E6 /* SBJsonStreamParserAdapter.h */ = {isa = PBXFileReference; fileEncoding = 4; lastKnownFileType = sourcecode.c.h; path = SBJsonStreamParserAdapter.h; sourceTree = "<group>"; };
		007803031368680B00CB12E6 /* SBJsonStreamParserAdapter.m */ = {isa = PBXFileReference; fileEncoding = 4; lastKnownFileType = sourcecode.c.objc; path = SBJsonStreamParserAdapter.m; sourceTree = "<group>"; };
		007803041368680B00CB12E6 /* SBJsonStreamParserState.h */ = {isa = PBXFileReference; fileEncoding = 4; lastKnownFileType = sourcecode.c.h; path = SBJsonStreamParserState.h; sourceTree = "<group>"; };
		007803051368680B00CB12E6 /* SBJsonStreamParserState.m */ = {isa = PBXFileReference; fileEncoding = 4; lastKnownFileType = sourcecode.c.objc; path = SBJsonStreamParserState.m; sourceTree = "<group>"; };
		007803061368680B00CB12E6 /* SBJsonStreamWriter.h */ = {isa = PBXFileReference; fileEncoding = 4; lastKnownFileType = sourcecode.c.h; path = SBJsonStreamWriter.h; sourceTree = "<group>"; };
		007803071368680B00CB12E6 /* SBJsonStreamWriter.m */ = {isa = PBXFileReference; fileEncoding = 4; lastKnownFileType = sourcecode.c.objc; path = SBJsonStreamWriter.m; sourceTree = "<group>"; };
		007803081368680B00CB12E6 /* SBJsonStreamWriterState.h */ = {isa = PBXFileReference; fileEncoding = 4; lastKnownFileType = sourcecode.c.h; path = SBJsonStreamWriterState.h; sourceTree = "<group>"; };
		007803091368680B00CB12E6 /* SBJsonStreamWriterState.m */ = {isa = PBXFileReference; fileEncoding = 4; lastKnownFileType = sourcecode.c.objc; path = SBJsonStreamWriterState.m; sourceTree = "<group>"; };
		0078030A1368680B00CB12E6 /* SBJsonTokeniser.h */ = {isa = PBXFileReference; fileEncoding = 4; lastKnownFileType = sourcecode.c.h; path = SBJsonTokeniser.h; sourceTree = "<group>"; };
		0078030B1368680B00CB12E6 /* SBJsonTokeniser.m */ = {isa = PBXFileReference; fileEncoding = 4; lastKnownFileType = sourcecode.c.objc; path = SBJsonTokeniser.m; sourceTree = "<group>"; };
		0078030C1368680B00CB12E6 /* SBJsonWriter.h */ = {isa = PBXFileReference; fileEncoding = 4; lastKnownFileType = sourcecode.c.h; path = SBJsonWriter.h; sourceTree = "<group>"; };
		0078030D1368680B00CB12E6 /* SBJsonWriter.m */ = {isa = PBXFileReference; fileEncoding = 4; lastKnownFileType = sourcecode.c.objc; path = SBJsonWriter.m; sourceTree = "<group>"; };
		0078032B13687FF200CB12E6 /* MixioAuthConnection.h */ = {isa = PBXFileReference; fileEncoding = 4; lastKnownFileType = sourcecode.c.h; path = MixioAuthConnection.h; sourceTree = "<group>"; };
		0078032C13687FF200CB12E6 /* MixioAuthConnection.m */ = {isa = PBXFileReference; fileEncoding = 4; lastKnownFileType = sourcecode.c.objc; path = MixioAuthConnection.m; sourceTree = "<group>"; };
/* End PBXFileReference section */

/* Begin PBXFrameworksBuildPhase section */
		007801B0136813E900CB12E6 /* Frameworks */ = {
			isa = PBXFrameworksBuildPhase;
			buildActionMask = 2147483647;
			files = (
				007801B7136813E900CB12E6 /* Foundation.framework in Frameworks */,
			);
			runOnlyForDeploymentPostprocessing = 0;
		};
		007801BC136813E900CB12E6 /* Frameworks */ = {
			isa = PBXFrameworksBuildPhase;
			buildActionMask = 2147483647;
			files = (
				007801C2136813E900CB12E6 /* UIKit.framework in Frameworks */,
				007801C3136813E900CB12E6 /* Foundation.framework in Frameworks */,
				007801C5136813E900CB12E6 /* CoreGraphics.framework in Frameworks */,
				007801C8136813E900CB12E6 /* libMixioAuthFramework.a in Frameworks */,
			);
			runOnlyForDeploymentPostprocessing = 0;
		};
		007801EE136818C000CB12E6 /* Frameworks */ = {
			isa = PBXFrameworksBuildPhase;
			buildActionMask = 2147483647;
			files = (
				00780227136818D900CB12E6 /* libMixioAuthFramework.a in Frameworks */,
				007801F3136818C000CB12E6 /* UIKit.framework in Frameworks */,
				007801F4136818C000CB12E6 /* Foundation.framework in Frameworks */,
				007801F5136818C000CB12E6 /* CoreGraphics.framework in Frameworks */,
			);
			runOnlyForDeploymentPostprocessing = 0;
		};
		0078020C136818C100CB12E6 /* Frameworks */ = {
			isa = PBXFrameworksBuildPhase;
			buildActionMask = 2147483647;
			files = (
				00780211136818C100CB12E6 /* UIKit.framework in Frameworks */,
				00780212136818C100CB12E6 /* Foundation.framework in Frameworks */,
				00780213136818C100CB12E6 /* CoreGraphics.framework in Frameworks */,
			);
			runOnlyForDeploymentPostprocessing = 0;
		};
/* End PBXFrameworksBuildPhase section */

/* Begin PBXGroup section */
		007801A8136813E900CB12E6 = {
			isa = PBXGroup;
			children = (
				007801B8136813E900CB12E6 /* MixioAuthFramework */,
				007801C9136813E900CB12E6 /* MixioAuthFrameworkTests */,
				007801F6136818C000CB12E6 /* MixioAuthSample */,
				00780216136818C100CB12E6 /* MixioAuthSampleTests */,
				00780234136820C600CB12E6 /* Resources */,
				007801B5136813E900CB12E6 /* Frameworks */,
				007801B4136813E900CB12E6 /* Products */,
			);
			sourceTree = "<group>";
		};
		007801B4136813E900CB12E6 /* Products */ = {
			isa = PBXGroup;
			children = (
				007801B3136813E900CB12E6 /* libMixioAuthFramework.a */,
				007801C0136813E900CB12E6 /* MixioAuthFrameworkTests.octest */,
				007801F1136818C000CB12E6 /* MixioAuthSample.app */,
				00780210136818C100CB12E6 /* MixioAuthSampleTests.octest */,
			);
			name = Products;
			sourceTree = "<group>";
		};
		007801B5136813E900CB12E6 /* Frameworks */ = {
			isa = PBXGroup;
			children = (
				007801B6136813E900CB12E6 /* Foundation.framework */,
				007801C1136813E900CB12E6 /* UIKit.framework */,
				007801C4136813E900CB12E6 /* CoreGraphics.framework */,
			);
			name = Frameworks;
			sourceTree = "<group>";
		};
		007801B8136813E900CB12E6 /* MixioAuthFramework */ = {
			isa = PBXGroup;
			children = (
				007801B9136813E900CB12E6 /* Supporting Files */,
				007801E61368178300CB12E6 /* MixioAuthViewController.h */,
				007801E71368178300CB12E6 /* MixioAuthViewController.m */,
				0078025913682B9100CB12E6 /* MixioAuthTokenManager.h */,
				0078025A13682B9100CB12E6 /* MixioAuthTokenManager.m */,
				0078025E13683A7F00CB12E6 /* MixioAuthToken.h */,
				0078025F13683A7F00CB12E6 /* MixioAuthToken.m */,
				0078032B13687FF200CB12E6 /* MixioAuthConnection.h */,
				0078032C13687FF200CB12E6 /* MixioAuthConnection.m */,
				007802F91368680A00CB12E6 /* JSON */,
			);
			path = MixioAuthFramework;
			sourceTree = "<group>";
		};
		007801B9136813E900CB12E6 /* Supporting Files */ = {
			isa = PBXGroup;
			children = (
				007801BA136813E900CB12E6 /* MixioAuthFramework-Prefix.pch */,
			);
			name = "Supporting Files";
			sourceTree = "<group>";
		};
		007801C9136813E900CB12E6 /* MixioAuthFrameworkTests */ = {
			isa = PBXGroup;
			children = (
				007801D0136813E900CB12E6 /* MixioAuthFrameworkTests.h */,
				007801D2136813E900CB12E6 /* MixioAuthFrameworkTests.m */,
				007801CA136813E900CB12E6 /* Supporting Files */,
			);
			path = MixioAuthFrameworkTests;
			sourceTree = "<group>";
		};
		007801CA136813E900CB12E6 /* Supporting Files */ = {
			isa = PBXGroup;
			children = (
				007801CB136813E900CB12E6 /* MixioAuthFrameworkTests-Info.plist */,
				007801CC136813E900CB12E6 /* InfoPlist.strings */,
				007801CF136813E900CB12E6 /* MixioAuthFrameworkTests-Prefix.pch */,
			);
			name = "Supporting Files";
			sourceTree = "<group>";
		};
		007801F6136818C000CB12E6 /* MixioAuthSample */ = {
			isa = PBXGroup;
			children = (
				007801FF136818C100CB12E6 /* MixioAuthSampleAppDelegate.h */,
				00780200136818C100CB12E6 /* MixioAuthSampleAppDelegate.m */,
				00780202136818C100CB12E6 /* MainWindow.xib */,
				00780205136818C100CB12E6 /* MixioAuthSampleViewController.h */,
				00780206136818C100CB12E6 /* MixioAuthSampleViewController.m */,
				00780208136818C100CB12E6 /* MixioAuthSampleViewController.xib */,
				007801F7136818C100CB12E6 /* Supporting Files */,
			);
			path = MixioAuthSample;
			sourceTree = "<group>";
		};
		007801F7136818C100CB12E6 /* Supporting Files */ = {
			isa = PBXGroup;
			children = (
				007801F8136818C100CB12E6 /* MixioAuthSample-Info.plist */,
				007801F9136818C100CB12E6 /* InfoPlist.strings */,
				007801FC136818C100CB12E6 /* MixioAuthSample-Prefix.pch */,
				007801FD136818C100CB12E6 /* main.m */,
			);
			name = "Supporting Files";
			sourceTree = "<group>";
		};
		00780216136818C100CB12E6 /* MixioAuthSampleTests */ = {
			isa = PBXGroup;
			children = (
				0078021D136818C100CB12E6 /* MixioAuthSampleTests.h */,
				0078021F136818C100CB12E6 /* MixioAuthSampleTests.m */,
				00780217136818C100CB12E6 /* Supporting Files */,
			);
			path = MixioAuthSampleTests;
			sourceTree = "<group>";
		};
		00780217136818C100CB12E6 /* Supporting Files */ = {
			isa = PBXGroup;
			children = (
				00780218136818C100CB12E6 /* MixioAuthSampleTests-Info.plist */,
				00780219136818C100CB12E6 /* InfoPlist.strings */,
				0078021C136818C100CB12E6 /* MixioAuthSampleTests-Prefix.pch */,
			);
			name = "Supporting Files";
			sourceTree = "<group>";
		};
		00780234136820C600CB12E6 /* Resources */ = {
			isa = PBXGroup;
			children = (
				00780235136820C600CB12E6 /* MixioAuthViewController.xib */,
				00780236136820C600CB12E6 /* NavBack.png */,
				00780237136820C600CB12E6 /* NavForward.png */,
			);
			path = Resources;
			sourceTree = "<group>";
		};
		007802F91368680A00CB12E6 /* JSON */ = {
			isa = PBXGroup;
			children = (
				007802FA1368680B00CB12E6 /* JSON.h */,
				007802FC1368680B00CB12E6 /* NSObject+JSON.h */,
				007802FD1368680B00CB12E6 /* NSObject+JSON.m */,
				007802FE1368680B00CB12E6 /* SBJsonParser.h */,
				007802FF1368680B00CB12E6 /* SBJsonParser.m */,
				007803001368680B00CB12E6 /* SBJsonStreamParser.h */,
				007803011368680B00CB12E6 /* SBJsonStreamParser.m */,
				007803021368680B00CB12E6 /* SBJsonStreamParserAdapter.h */,
				007803031368680B00CB12E6 /* SBJsonStreamParserAdapter.m */,
				007803041368680B00CB12E6 /* SBJsonStreamParserState.h */,
				007803051368680B00CB12E6 /* SBJsonStreamParserState.m */,
				007803061368680B00CB12E6 /* SBJsonStreamWriter.h */,
				007803071368680B00CB12E6 /* SBJsonStreamWriter.m */,
				007803081368680B00CB12E6 /* SBJsonStreamWriterState.h */,
				007803091368680B00CB12E6 /* SBJsonStreamWriterState.m */,
				0078030A1368680B00CB12E6 /* SBJsonTokeniser.h */,
				0078030B1368680B00CB12E6 /* SBJsonTokeniser.m */,
				0078030C1368680B00CB12E6 /* SBJsonWriter.h */,
				0078030D1368680B00CB12E6 /* SBJsonWriter.m */,
			);
			path = JSON;
			sourceTree = "<group>";
		};
/* End PBXGroup section */

/* Begin PBXHeadersBuildPhase section */
		007801B1136813E900CB12E6 /* Headers */ = {
			isa = PBXHeadersBuildPhase;
			buildActionMask = 2147483647;
			files = (
				007801E91368178300CB12E6 /* MixioAuthViewController.h in Headers */,
				0078025B13682B9100CB12E6 /* MixioAuthTokenManager.h in Headers */,
				0078026013683A7F00CB12E6 /* MixioAuthToken.h in Headers */,
				0078030E1368680B00CB12E6 /* JSON.h in Headers */,
				007803101368680B00CB12E6 /* NSObject+JSON.h in Headers */,
				007803131368680B00CB12E6 /* SBJsonParser.h in Headers */,
				007803161368680B00CB12E6 /* SBJsonStreamParser.h in Headers */,
				007803191368680B00CB12E6 /* SBJsonStreamParserAdapter.h in Headers */,
				0078031C1368680B00CB12E6 /* SBJsonStreamParserState.h in Headers */,
				0078031F1368680B00CB12E6 /* SBJsonStreamWriter.h in Headers */,
				007803221368680B00CB12E6 /* SBJsonStreamWriterState.h in Headers */,
				007803251368680B00CB12E6 /* SBJsonTokeniser.h in Headers */,
				007803281368680B00CB12E6 /* SBJsonWriter.h in Headers */,
				0078032D13687FF300CB12E6 /* MixioAuthConnection.h in Headers */,
			);
			runOnlyForDeploymentPostprocessing = 0;
		};
/* End PBXHeadersBuildPhase section */

/* Begin PBXNativeTarget section */
		007801B2136813E900CB12E6 /* MixioAuthFramework */ = {
			isa = PBXNativeTarget;
			buildConfigurationList = 007801D6136813E900CB12E6 /* Build configuration list for PBXNativeTarget "MixioAuthFramework" */;
			buildPhases = (
				007801AF136813E900CB12E6 /* Sources */,
				007801B0136813E900CB12E6 /* Frameworks */,
				007801B1136813E900CB12E6 /* Headers */,
			);
			buildRules = (
			);
			dependencies = (
			);
			name = MixioAuthFramework;
			productName = MixioAuthFramework;
			productReference = 007801B3136813E900CB12E6 /* libMixioAuthFramework.a */;
			productType = "com.apple.product-type.library.static";
		};
		007801BF136813E900CB12E6 /* MixioAuthFrameworkTests */ = {
			isa = PBXNativeTarget;
			buildConfigurationList = 007801D9136813E900CB12E6 /* Build configuration list for PBXNativeTarget "MixioAuthFrameworkTests" */;
			buildPhases = (
				007801BB136813E900CB12E6 /* Sources */,
				007801BC136813E900CB12E6 /* Frameworks */,
				007801BD136813E900CB12E6 /* Resources */,
				007801BE136813E900CB12E6 /* ShellScript */,
			);
			buildRules = (
			);
			dependencies = (
				007801C7136813E900CB12E6 /* PBXTargetDependency */,
			);
			name = MixioAuthFrameworkTests;
			productName = MixioAuthFrameworkTests;
			productReference = 007801C0136813E900CB12E6 /* MixioAuthFrameworkTests.octest */;
			productType = "com.apple.product-type.bundle";
		};
		007801F0136818C000CB12E6 /* MixioAuthSample */ = {
			isa = PBXNativeTarget;
			buildConfigurationList = 00780221136818C100CB12E6 /* Build configuration list for PBXNativeTarget "MixioAuthSample" */;
			buildPhases = (
				007801ED136818C000CB12E6 /* Sources */,
				007801EE136818C000CB12E6 /* Frameworks */,
				007801EF136818C000CB12E6 /* Resources */,
			);
			buildRules = (
			);
			dependencies = (
				00780229136818E800CB12E6 /* PBXTargetDependency */,
			);
			name = MixioAuthSample;
			productName = MixioAuthSample;
			productReference = 007801F1136818C000CB12E6 /* MixioAuthSample.app */;
			productType = "com.apple.product-type.application";
		};
		0078020F136818C100CB12E6 /* MixioAuthSampleTests */ = {
			isa = PBXNativeTarget;
			buildConfigurationList = 00780224136818C100CB12E6 /* Build configuration list for PBXNativeTarget "MixioAuthSampleTests" */;
			buildPhases = (
				0078020B136818C100CB12E6 /* Sources */,
				0078020C136818C100CB12E6 /* Frameworks */,
				0078020D136818C100CB12E6 /* Resources */,
				0078020E136818C100CB12E6 /* ShellScript */,
			);
			buildRules = (
			);
			dependencies = (
				00780215136818C100CB12E6 /* PBXTargetDependency */,
			);
			name = MixioAuthSampleTests;
			productName = MixioAuthSampleTests;
			productReference = 00780210136818C100CB12E6 /* MixioAuthSampleTests.octest */;
			productType = "com.apple.product-type.bundle";
		};
/* End PBXNativeTarget section */

/* Begin PBXProject section */
		007801AA136813E900CB12E6 /* Project object */ = {
			isa = PBXProject;
			buildConfigurationList = 007801AD136813E900CB12E6 /* Build configuration list for PBXProject "MixioAuthFramework" */;
			compatibilityVersion = "Xcode 3.2";
			developmentRegion = English;
			hasScannedForEncodings = 0;
			knownRegions = (
				en,
			);
			mainGroup = 007801A8136813E900CB12E6;
			productRefGroup = 007801B4136813E900CB12E6 /* Products */;
			projectDirPath = "";
			projectRoot = "";
			targets = (
				007801B2136813E900CB12E6 /* MixioAuthFramework */,
				007801BF136813E900CB12E6 /* MixioAuthFrameworkTests */,
				007801F0136818C000CB12E6 /* MixioAuthSample */,
				0078020F136818C100CB12E6 /* MixioAuthSampleTests */,
			);
		};
/* End PBXProject section */

/* Begin PBXResourcesBuildPhase section */
		007801BD136813E900CB12E6 /* Resources */ = {
			isa = PBXResourcesBuildPhase;
			buildActionMask = 2147483647;
			files = (
				007801CE136813E900CB12E6 /* InfoPlist.strings in Resources */,
				007801D1136813E900CB12E6 /* MixioAuthFrameworkTests.h in Resources */,
				00780238136820C600CB12E6 /* MixioAuthViewController.xib in Resources */,
				0078023B136820C600CB12E6 /* NavBack.png in Resources */,
				0078023E136820C600CB12E6 /* NavForward.png in Resources */,
			);
			runOnlyForDeploymentPostprocessing = 0;
		};
		007801EF136818C000CB12E6 /* Resources */ = {
			isa = PBXResourcesBuildPhase;
			buildActionMask = 2147483647;
			files = (
				007801FB136818C100CB12E6 /* InfoPlist.strings in Resources */,
				00780204136818C100CB12E6 /* MainWindow.xib in Resources */,
				0078020A136818C100CB12E6 /* MixioAuthSampleViewController.xib in Resources */,
				00780239136820C600CB12E6 /* MixioAuthViewController.xib in Resources */,
				0078023C136820C600CB12E6 /* NavBack.png in Resources */,
				0078023F136820C600CB12E6 /* NavForward.png in Resources */,
			);
			runOnlyForDeploymentPostprocessing = 0;
		};
		0078020D136818C100CB12E6 /* Resources */ = {
			isa = PBXResourcesBuildPhase;
			buildActionMask = 2147483647;
			files = (
				0078021B136818C100CB12E6 /* InfoPlist.strings in Resources */,
				0078021E136818C100CB12E6 /* MixioAuthSampleTests.h in Resources */,
				0078023A136820C600CB12E6 /* MixioAuthViewController.xib in Resources */,
				0078023D136820C600CB12E6 /* NavBack.png in Resources */,
				00780240136820C600CB12E6 /* NavForward.png in Resources */,
			);
			runOnlyForDeploymentPostprocessing = 0;
		};
/* End PBXResourcesBuildPhase section */

/* Begin PBXShellScriptBuildPhase section */
		007801BE136813E900CB12E6 /* ShellScript */ = {
			isa = PBXShellScriptBuildPhase;
			buildActionMask = 2147483647;
			files = (
			);
			inputPaths = (
			);
			outputPaths = (
			);
			runOnlyForDeploymentPostprocessing = 0;
			shellPath = /bin/sh;
			shellScript = "# Run the unit tests in this test bundle.\n\"${SYSTEM_DEVELOPER_DIR}/Tools/RunUnitTests\"\n";
		};
		0078020E136818C100CB12E6 /* ShellScript */ = {
			isa = PBXShellScriptBuildPhase;
			buildActionMask = 2147483647;
			files = (
			);
			inputPaths = (
			);
			outputPaths = (
			);
			runOnlyForDeploymentPostprocessing = 0;
			shellPath = /bin/sh;
			shellScript = "# Run the unit tests in this test bundle.\n\"${SYSTEM_DEVELOPER_DIR}/Tools/RunUnitTests\"\n";
		};
/* End PBXShellScriptBuildPhase section */

/* Begin PBXSourcesBuildPhase section */
		007801AF136813E900CB12E6 /* Sources */ = {
			isa = PBXSourcesBuildPhase;
			buildActionMask = 2147483647;
			files = (
				007801EA1368178300CB12E6 /* MixioAuthViewController.m in Sources */,
				0078025C13682B9100CB12E6 /* MixioAuthTokenManager.m in Sources */,
				0078026113683A7F00CB12E6 /* MixioAuthToken.m in Sources */,
				007803111368680B00CB12E6 /* NSObject+JSON.m in Sources */,
				007803141368680B00CB12E6 /* SBJsonParser.m in Sources */,
				007803171368680B00CB12E6 /* SBJsonStreamParser.m in Sources */,
				0078031A1368680B00CB12E6 /* SBJsonStreamParserAdapter.m in Sources */,
				0078031D1368680B00CB12E6 /* SBJsonStreamParserState.m in Sources */,
				007803201368680B00CB12E6 /* SBJsonStreamWriter.m in Sources */,
				007803231368680B00CB12E6 /* SBJsonStreamWriterState.m in Sources */,
				007803261368680B00CB12E6 /* SBJsonTokeniser.m in Sources */,
				007803291368680B00CB12E6 /* SBJsonWriter.m in Sources */,
				0078032E13687FF300CB12E6 /* MixioAuthConnection.m in Sources */,
			);
			runOnlyForDeploymentPostprocessing = 0;
		};
		007801BB136813E900CB12E6 /* Sources */ = {
			isa = PBXSourcesBuildPhase;
			buildActionMask = 2147483647;
			files = (
				007801D3136813E900CB12E6 /* MixioAuthFrameworkTests.m in Sources */,
				007801EB1368178300CB12E6 /* MixioAuthViewController.m in Sources */,
				0078025D13682B9100CB12E6 /* MixioAuthTokenManager.m in Sources */,
				0078026213683A7F00CB12E6 /* MixioAuthToken.m in Sources */,
				007803121368680B00CB12E6 /* NSObject+JSON.m in Sources */,
				007803151368680B00CB12E6 /* SBJsonParser.m in Sources */,
				007803181368680B00CB12E6 /* SBJsonStreamParser.m in Sources */,
				0078031B1368680B00CB12E6 /* SBJsonStreamParserAdapter.m in Sources */,
				0078031E1368680B00CB12E6 /* SBJsonStreamParserState.m in Sources */,
				007803211368680B00CB12E6 /* SBJsonStreamWriter.m in Sources */,
				007803241368680B00CB12E6 /* SBJsonStreamWriterState.m in Sources */,
				007803271368680B00CB12E6 /* SBJsonTokeniser.m in Sources */,
				0078032A1368680B00CB12E6 /* SBJsonWriter.m in Sources */,
				0078032F13687FF300CB12E6 /* MixioAuthConnection.m in Sources */,
			);
			runOnlyForDeploymentPostprocessing = 0;
		};
		007801ED136818C000CB12E6 /* Sources */ = {
			isa = PBXSourcesBuildPhase;
			buildActionMask = 2147483647;
			files = (
				007801FE136818C100CB12E6 /* main.m in Sources */,
				00780201136818C100CB12E6 /* MixioAuthSampleAppDelegate.m in Sources */,
				00780207136818C100CB12E6 /* MixioAuthSampleViewController.m in Sources */,
			);
			runOnlyForDeploymentPostprocessing = 0;
		};
		0078020B136818C100CB12E6 /* Sources */ = {
			isa = PBXSourcesBuildPhase;
			buildActionMask = 2147483647;
			files = (
				00780220136818C100CB12E6 /* MixioAuthSampleTests.m in Sources */,
			);
			runOnlyForDeploymentPostprocessing = 0;
		};
/* End PBXSourcesBuildPhase section */

/* Begin PBXTargetDependency section */
		007801C7136813E900CB12E6 /* PBXTargetDependency */ = {
			isa = PBXTargetDependency;
			target = 007801B2136813E900CB12E6 /* MixioAuthFramework */;
			targetProxy = 007801C6136813E900CB12E6 /* PBXContainerItemProxy */;
		};
		00780215136818C100CB12E6 /* PBXTargetDependency */ = {
			isa = PBXTargetDependency;
			target = 007801F0136818C000CB12E6 /* MixioAuthSample */;
			targetProxy = 00780214136818C100CB12E6 /* PBXContainerItemProxy */;
		};
		00780229136818E800CB12E6 /* PBXTargetDependency */ = {
			isa = PBXTargetDependency;
			target = 007801B2136813E900CB12E6 /* MixioAuthFramework */;
			targetProxy = 00780228136818E800CB12E6 /* PBXContainerItemProxy */;
		};
/* End PBXTargetDependency section */

/* Begin PBXVariantGroup section */
		007801CC136813E900CB12E6 /* InfoPlist.strings */ = {
			isa = PBXVariantGroup;
			children = (
				007801CD136813E900CB12E6 /* en */,
			);
			name = InfoPlist.strings;
			sourceTree = "<group>";
		};
		007801F9136818C100CB12E6 /* InfoPlist.strings */ = {
			isa = PBXVariantGroup;
			children = (
				007801FA136818C100CB12E6 /* en */,
			);
			name = InfoPlist.strings;
			sourceTree = "<group>";
		};
		00780202136818C100CB12E6 /* MainWindow.xib */ = {
			isa = PBXVariantGroup;
			children = (
				00780203136818C100CB12E6 /* en */,
			);
			name = MainWindow.xib;
			sourceTree = "<group>";
		};
		00780208136818C100CB12E6 /* MixioAuthSampleViewController.xib */ = {
			isa = PBXVariantGroup;
			children = (
				00780209136818C100CB12E6 /* en */,
			);
			name = MixioAuthSampleViewController.xib;
			sourceTree = "<group>";
		};
		00780219136818C100CB12E6 /* InfoPlist.strings */ = {
			isa = PBXVariantGroup;
			children = (
				0078021A136818C100CB12E6 /* en */,
			);
			name = InfoPlist.strings;
			sourceTree = "<group>";
		};
/* End PBXVariantGroup section */

/* Begin XCBuildConfiguration section */
		007801D4136813E900CB12E6 /* Debug */ = {
			isa = XCBuildConfiguration;
			buildSettings = {
				ARCHS = "$(ARCHS_STANDARD_32_BIT)";
				GCC_C_LANGUAGE_STANDARD = gnu99;
				GCC_OPTIMIZATION_LEVEL = 0;
				GCC_PREPROCESSOR_DEFINITIONS = DEBUG;
				GCC_SYMBOLS_PRIVATE_EXTERN = NO;
				GCC_VERSION = com.apple.compilers.llvmgcc42;
				GCC_WARN_ABOUT_RETURN_TYPE = YES;
				GCC_WARN_UNUSED_VARIABLE = YES;
				IPHONEOS_DEPLOYMENT_TARGET = 4.3;
				SDKROOT = iphoneos;
			};
			name = Debug;
		};
		007801D5136813E900CB12E6 /* Release */ = {
			isa = XCBuildConfiguration;
			buildSettings = {
				ARCHS = "$(ARCHS_STANDARD_32_BIT)";
				GCC_C_LANGUAGE_STANDARD = gnu99;
				GCC_VERSION = com.apple.compilers.llvmgcc42;
				GCC_WARN_ABOUT_RETURN_TYPE = YES;
				GCC_WARN_UNUSED_VARIABLE = YES;
				IPHONEOS_DEPLOYMENT_TARGET = 4.3;
				SDKROOT = iphoneos;
			};
			name = Release;
		};
		007801D7136813E900CB12E6 /* Debug */ = {
			isa = XCBuildConfiguration;
			buildSettings = {
				ALWAYS_SEARCH_USER_PATHS = NO;
				DSTROOT = /tmp/MixioAuthFramework.dst;
				GCC_PRECOMPILE_PREFIX_HEADER = YES;
				GCC_PREFIX_HEADER = "MixioAuthFramework/MixioAuthFramework-Prefix.pch";
				OTHER_LDFLAGS = "-ObjC";
				PRODUCT_NAME = "$(TARGET_NAME)";
			};
			name = Debug;
		};
		007801D8136813E900CB12E6 /* Release */ = {
			isa = XCBuildConfiguration;
			buildSettings = {
				ALWAYS_SEARCH_USER_PATHS = NO;
				DSTROOT = /tmp/MixioAuthFramework.dst;
				GCC_PRECOMPILE_PREFIX_HEADER = YES;
				GCC_PREFIX_HEADER = "MixioAuthFramework/MixioAuthFramework-Prefix.pch";
				OTHER_LDFLAGS = "-ObjC";
				PRODUCT_NAME = "$(TARGET_NAME)";
			};
			name = Release;
		};
		007801DA136813E900CB12E6 /* Debug */ = {
			isa = XCBuildConfiguration;
			buildSettings = {
				ALWAYS_SEARCH_USER_PATHS = NO;
				FRAMEWORK_SEARCH_PATHS = (
					"$(SDKROOT)/Developer/Library/Frameworks",
					"$(DEVELOPER_LIBRARY_DIR)/Frameworks",
				);
				GCC_PRECOMPILE_PREFIX_HEADER = YES;
				GCC_PREFIX_HEADER = "MixioAuthFrameworkTests/MixioAuthFrameworkTests-Prefix.pch";
				INFOPLIST_FILE = "MixioAuthFrameworkTests/MixioAuthFrameworkTests-Info.plist";
				OTHER_LDFLAGS = (
					"-framework",
					SenTestingKit,
				);
				PRODUCT_NAME = "$(TARGET_NAME)";
				WRAPPER_EXTENSION = octest;
			};
			name = Debug;
		};
		007801DB136813E900CB12E6 /* Release */ = {
			isa = XCBuildConfiguration;
			buildSettings = {
				ALWAYS_SEARCH_USER_PATHS = NO;
				FRAMEWORK_SEARCH_PATHS = (
					"$(SDKROOT)/Developer/Library/Frameworks",
					"$(DEVELOPER_LIBRARY_DIR)/Frameworks",
				);
				GCC_PRECOMPILE_PREFIX_HEADER = YES;
				GCC_PREFIX_HEADER = "MixioAuthFrameworkTests/MixioAuthFrameworkTests-Prefix.pch";
				INFOPLIST_FILE = "MixioAuthFrameworkTests/MixioAuthFrameworkTests-Info.plist";
				OTHER_LDFLAGS = (
					"-framework",
					SenTestingKit,
				);
				PRODUCT_NAME = "$(TARGET_NAME)";
				WRAPPER_EXTENSION = octest;
			};
			name = Release;
		};
		00780222136818C100CB12E6 /* Debug */ = {
			isa = XCBuildConfiguration;
			buildSettings = {
				ALWAYS_SEARCH_USER_PATHS = NO;
				"CODE_SIGN_IDENTITY[sdk=iphoneos*]" = "iPhone Developer";
				COPY_PHASE_STRIP = NO;
				GCC_DYNAMIC_NO_PIC = NO;
				GCC_PRECOMPILE_PREFIX_HEADER = YES;
				GCC_PREFIX_HEADER = "MixioAuthSample/MixioAuthSample-Prefix.pch";
				INFOPLIST_FILE = "MixioAuthSample/MixioAuthSample-Info.plist";
				OTHER_LDFLAGS = "-all_load";
				PRODUCT_NAME = "$(TARGET_NAME)";
				WRAPPER_EXTENSION = app;
			};
			name = Debug;
		};
		00780223136818C100CB12E6 /* Release */ = {
			isa = XCBuildConfiguration;
			buildSettings = {
				ALWAYS_SEARCH_USER_PATHS = NO;
				"CODE_SIGN_IDENTITY[sdk=iphoneos*]" = "iPhone Developer";
				COPY_PHASE_STRIP = YES;
				GCC_PRECOMPILE_PREFIX_HEADER = YES;
				GCC_PREFIX_HEADER = "MixioAuthSample/MixioAuthSample-Prefix.pch";
				INFOPLIST_FILE = "MixioAuthSample/MixioAuthSample-Info.plist";
				OTHER_CFLAGS = "-DNS_BLOCK_ASSERTIONS=1";
				OTHER_LDFLAGS = "-all_load";
				PRODUCT_NAME = "$(TARGET_NAME)";
				VALIDATE_PRODUCT = YES;
				WRAPPER_EXTENSION = app;
			};
			name = Release;
		};
		00780225136818C100CB12E6 /* Debug */ = {
			isa = XCBuildConfiguration;
			buildSettings = {
				ALWAYS_SEARCH_USER_PATHS = NO;
				BUNDLE_LOADER = "$(BUILT_PRODUCTS_DIR)/MixioAuthSample.app/MixioAuthSample";
				FRAMEWORK_SEARCH_PATHS = (
					"$(SDKROOT)/Developer/Library/Frameworks",
					"$(DEVELOPER_LIBRARY_DIR)/Frameworks",
				);
				GCC_PRECOMPILE_PREFIX_HEADER = YES;
				GCC_PREFIX_HEADER = "MixioAuthSampleTests/MixioAuthSampleTests-Prefix.pch";
				INFOPLIST_FILE = "MixioAuthSampleTests/MixioAuthSampleTests-Info.plist";
				OTHER_LDFLAGS = (
					"-framework",
					SenTestingKit,
				);
				PRODUCT_NAME = "$(TARGET_NAME)";
				TEST_HOST = "$(BUNDLE_LOADER)";
				WRAPPER_EXTENSION = octest;
			};
			name = Debug;
		};
		00780226136818C100CB12E6 /* Release */ = {
			isa = XCBuildConfiguration;
			buildSettings = {
				ALWAYS_SEARCH_USER_PATHS = NO;
				BUNDLE_LOADER = "$(BUILT_PRODUCTS_DIR)/MixioAuthSample.app/MixioAuthSample";
				FRAMEWORK_SEARCH_PATHS = (
					"$(SDKROOT)/Developer/Library/Frameworks",
					"$(DEVELOPER_LIBRARY_DIR)/Frameworks",
				);
				GCC_PRECOMPILE_PREFIX_HEADER = YES;
				GCC_PREFIX_HEADER = "MixioAuthSampleTests/MixioAuthSampleTests-Prefix.pch";
				INFOPLIST_FILE = "MixioAuthSampleTests/MixioAuthSampleTests-Info.plist";
				OTHER_LDFLAGS = (
					"-framework",
					SenTestingKit,
				);
				PRODUCT_NAME = "$(TARGET_NAME)";
				TEST_HOST = "$(BUNDLE_LOADER)";
				WRAPPER_EXTENSION = octest;
			};
			name = Release;
		};
/* End XCBuildConfiguration section */

/* Begin XCConfigurationList section */
		007801AD136813E900CB12E6 /* Build configuration list for PBXProject "MixioAuthFramework" */ = {
			isa = XCConfigurationList;
			buildConfigurations = (
				007801D4136813E900CB12E6 /* Debug */,
				007801D5136813E900CB12E6 /* Release */,
			);
			defaultConfigurationIsVisible = 0;
			defaultConfigurationName = Release;
		};
		007801D6136813E900CB12E6 /* Build configuration list for PBXNativeTarget "MixioAuthFramework" */ = {
			isa = XCConfigurationList;
			buildConfigurations = (
				007801D7136813E900CB12E6 /* Debug */,
				007801D8136813E900CB12E6 /* Release */,
			);
			defaultConfigurationIsVisible = 0;
		};
		007801D9136813E900CB12E6 /* Build configuration list for PBXNativeTarget "MixioAuthFrameworkTests" */ = {
			isa = XCConfigurationList;
			buildConfigurations = (
				007801DA136813E900CB12E6 /* Debug */,
				007801DB136813E900CB12E6 /* Release */,
			);
			defaultConfigurationIsVisible = 0;
		};
		00780221136818C100CB12E6 /* Build configuration list for PBXNativeTarget "MixioAuthSample" */ = {
			isa = XCConfigurationList;
			buildConfigurations = (
				00780222136818C100CB12E6 /* Debug */,
				00780223136818C100CB12E6 /* Release */,
			);
			defaultConfigurationIsVisible = 0;
		};
		00780224136818C100CB12E6 /* Build configuration list for PBXNativeTarget "MixioAuthSampleTests" */ = {
			isa = XCConfigurationList;
			buildConfigurations = (
				00780225136818C100CB12E6 /* Debug */,
				00780226136818C100CB12E6 /* Release */,
			);
			defaultConfigurationIsVisible = 0;
		};
/* End XCConfigurationList section */
	};
	rootObject = 007801AA136813E900CB12E6 /* Project object */;
}
